// !$*UTF8*$!
{
	archiveVersion = 1;
	classes = {
	};
	objectVersion = 56;
	objects = {

/* Begin PBXBuildFile section */
		281695682A5E0ACD00098A11 /* EditJerseyView.swift in Sources */ = {isa = PBXBuildFile; fileRef = 281695672A5E0ACD00098A11 /* EditJerseyView.swift */; };
		2827BA8F2A57753F00342499 /* Fonts.swift in Sources */ = {isa = PBXBuildFile; fileRef = 2827BA8E2A57753F00342499 /* Fonts.swift */; };
		2827BAB22A578F1200342499 /* MainView.swift in Sources */ = {isa = PBXBuildFile; fileRef = 2827BAB12A578F1200342499 /* MainView.swift */; };
		2827BAB42A578F2800342499 /* DataManager.swift in Sources */ = {isa = PBXBuildFile; fileRef = 2827BAB32A578F2800342499 /* DataManager.swift */; };
		2827BAB62A578F7C00342499 /* MyProfileView.swift in Sources */ = {isa = PBXBuildFile; fileRef = 2827BAB52A578F7C00342499 /* MyProfileView.swift */; };
		2827BAB82A57938C00342499 /* ContentView.swift in Sources */ = {isa = PBXBuildFile; fileRef = 2827BAB72A57938C00342499 /* ContentView.swift */; };
		2878CACD2A58D12D009F0020 /* FirebaseAnalytics in Frameworks */ = {isa = PBXBuildFile; productRef = 2878CACC2A58D12D009F0020 /* FirebaseAnalytics */; };
		2878CACF2A58D12D009F0020 /* FirebaseAnalyticsSwift in Frameworks */ = {isa = PBXBuildFile; productRef = 2878CACE2A58D12D009F0020 /* FirebaseAnalyticsSwift */; };
		2878CAD12A58D12D009F0020 /* FirebaseAuth in Frameworks */ = {isa = PBXBuildFile; productRef = 2878CAD02A58D12D009F0020 /* FirebaseAuth */; };
		2878CAD32A58D12D009F0020 /* FirebaseDatabase in Frameworks */ = {isa = PBXBuildFile; productRef = 2878CAD22A58D12D009F0020 /* FirebaseDatabase */; };
		2878CAD52A58D12D009F0020 /* FirebaseDatabaseSwift in Frameworks */ = {isa = PBXBuildFile; productRef = 2878CAD42A58D12D009F0020 /* FirebaseDatabaseSwift */; };
		2878CAD72A58D12D009F0020 /* FirebaseFirestore in Frameworks */ = {isa = PBXBuildFile; productRef = 2878CAD62A58D12D009F0020 /* FirebaseFirestore */; };
		2878CAD92A58D12D009F0020 /* FirebaseFirestoreSwift in Frameworks */ = {isa = PBXBuildFile; productRef = 2878CAD82A58D12D009F0020 /* FirebaseFirestoreSwift */; };
		2878CADB2A58D12D009F0020 /* FirebaseFunctions in Frameworks */ = {isa = PBXBuildFile; productRef = 2878CADA2A58D12D009F0020 /* FirebaseFunctions */; };
		2878CADD2A58D12D009F0020 /* FirebaseInAppMessaging-Beta in Frameworks */ = {isa = PBXBuildFile; productRef = 2878CADC2A58D12D009F0020 /* FirebaseInAppMessaging-Beta */; };
		2878CADF2A58D12D009F0020 /* FirebaseMessaging in Frameworks */ = {isa = PBXBuildFile; productRef = 2878CADE2A58D12D009F0020 /* FirebaseMessaging */; };
		2878CAE12A58D12D009F0020 /* FirebasePerformance in Frameworks */ = {isa = PBXBuildFile; productRef = 2878CAE02A58D12D009F0020 /* FirebasePerformance */; };
		2878CAE32A58D12D009F0020 /* FirebaseStorage in Frameworks */ = {isa = PBXBuildFile; productRef = 2878CAE22A58D12D009F0020 /* FirebaseStorage */; };
		2878CAE52A58F907009F0020 /* Jerseyutils.swift in Sources */ = {isa = PBXBuildFile; fileRef = 2878CAE42A58F907009F0020 /* Jerseyutils.swift */; };
		2878CAE82A590845009F0020 /* Jersey.swift in Sources */ = {isa = PBXBuildFile; fileRef = 2878CAE72A590845009F0020 /* Jersey.swift */; };
		2878CAEA2A590A50009F0020 /* JerseyCellView.swift in Sources */ = {isa = PBXBuildFile; fileRef = 2878CAE92A590A50009F0020 /* JerseyCellView.swift */; };
		2878CAED2A590D67009F0020 /* SDWebImage in Frameworks */ = {isa = PBXBuildFile; productRef = 2878CAEC2A590D67009F0020 /* SDWebImage */; };
		2878CAEF2A590D67009F0020 /* SDWebImageMapKit in Frameworks */ = {isa = PBXBuildFile; productRef = 2878CAEE2A590D67009F0020 /* SDWebImageMapKit */; };
		2878CAF12A59105F009F0020 /* UserJerseyListView.swift in Sources */ = {isa = PBXBuildFile; fileRef = 2878CAF02A59105F009F0020 /* UserJerseyListView.swift */; };
		28AD0A482A5F94370032F6F8 /* JerseyRank.swift in Sources */ = {isa = PBXBuildFile; fileRef = 28AD0A472A5F94370032F6F8 /* JerseyRank.swift */; };
		CD88AC2F2A5348230065AFD5 /* jerZboizApp.swift in Sources */ = {isa = PBXBuildFile; fileRef = CD88AC2E2A5348230065AFD5 /* jerZboizApp.swift */; };
		CD88AC312A5348230065AFD5 /* AddJerseyView.swift in Sources */ = {isa = PBXBuildFile; fileRef = CD88AC302A5348230065AFD5 /* AddJerseyView.swift */; };
		CD88AC332A5348260065AFD5 /* Assets.xcassets in Resources */ = {isa = PBXBuildFile; fileRef = CD88AC322A5348260065AFD5 /* Assets.xcassets */; };
		CD88AC362A5348260065AFD5 /* Preview Assets.xcassets in Resources */ = {isa = PBXBuildFile; fileRef = CD88AC352A5348260065AFD5 /* Preview Assets.xcassets */; };
		CD88AC3D2A5353DD0065AFD5 /* GoogleService-Info.plist in Resources */ = {isa = PBXBuildFile; fileRef = CD88AC3C2A5353DD0065AFD5 /* GoogleService-Info.plist */; };
		CD9632A52A57A98A00317E0C /* UserUtility.swift in Sources */ = {isa = PBXBuildFile; fileRef = CD9632A42A57A98A00317E0C /* UserUtility.swift */; };
		CD9632B32A57B95E00317E0C /* bulls.ttf in Resources */ = {isa = PBXBuildFile; fileRef = CD9632B22A57B95E00317E0C /* bulls.ttf */; };
		CD9632B52A57BA4700317E0C /* NBA Bulls.ttf in Resources */ = {isa = PBXBuildFile; fileRef = CD9632B42A57BA4700317E0C /* NBA Bulls.ttf */; };
/* End PBXBuildFile section */

/* Begin PBXFileReference section */
		281695672A5E0ACD00098A11 /* EditJerseyView.swift */ = {isa = PBXFileReference; lastKnownFileType = sourcecode.swift; path = EditJerseyView.swift; sourceTree = "<group>"; };
		2827BA8E2A57753F00342499 /* Fonts.swift */ = {isa = PBXFileReference; lastKnownFileType = sourcecode.swift; path = Fonts.swift; sourceTree = "<group>"; };
		2827BAB12A578F1200342499 /* MainView.swift */ = {isa = PBXFileReference; lastKnownFileType = sourcecode.swift; path = MainView.swift; sourceTree = "<group>"; };
		2827BAB32A578F2800342499 /* DataManager.swift */ = {isa = PBXFileReference; lastKnownFileType = sourcecode.swift; path = DataManager.swift; sourceTree = "<group>"; };
		2827BAB52A578F7C00342499 /* MyProfileView.swift */ = {isa = PBXFileReference; lastKnownFileType = sourcecode.swift; path = MyProfileView.swift; sourceTree = "<group>"; };
		2827BAB72A57938C00342499 /* ContentView.swift */ = {isa = PBXFileReference; lastKnownFileType = sourcecode.swift; path = ContentView.swift; sourceTree = "<group>"; };
		284DD85B2A59D33E0058948B /* jerZboiz.entitlements */ = {isa = PBXFileReference; lastKnownFileType = text.plist.entitlements; path = jerZboiz.entitlements; sourceTree = "<group>"; };
		2878CAE42A58F907009F0020 /* Jerseyutils.swift */ = {isa = PBXFileReference; lastKnownFileType = sourcecode.swift; path = Jerseyutils.swift; sourceTree = "<group>"; };
		2878CAE72A590845009F0020 /* Jersey.swift */ = {isa = PBXFileReference; lastKnownFileType = sourcecode.swift; path = Jersey.swift; sourceTree = "<group>"; };
		2878CAE92A590A50009F0020 /* JerseyCellView.swift */ = {isa = PBXFileReference; lastKnownFileType = sourcecode.swift; path = JerseyCellView.swift; sourceTree = "<group>"; };
		2878CAF02A59105F009F0020 /* UserJerseyListView.swift */ = {isa = PBXFileReference; lastKnownFileType = sourcecode.swift; path = UserJerseyListView.swift; sourceTree = "<group>"; };
		28AD0A472A5F94370032F6F8 /* JerseyRank.swift */ = {isa = PBXFileReference; lastKnownFileType = sourcecode.swift; path = JerseyRank.swift; sourceTree = "<group>"; };
		CD88AC2B2A5348230065AFD5 /* jerZboiz.app */ = {isa = PBXFileReference; explicitFileType = wrapper.application; includeInIndex = 0; path = jerZboiz.app; sourceTree = BUILT_PRODUCTS_DIR; };
		CD88AC2E2A5348230065AFD5 /* jerZboizApp.swift */ = {isa = PBXFileReference; lastKnownFileType = sourcecode.swift; path = jerZboizApp.swift; sourceTree = "<group>"; };
		CD88AC302A5348230065AFD5 /* AddJerseyView.swift */ = {isa = PBXFileReference; lastKnownFileType = sourcecode.swift; path = AddJerseyView.swift; sourceTree = "<group>"; };
		CD88AC322A5348260065AFD5 /* Assets.xcassets */ = {isa = PBXFileReference; lastKnownFileType = folder.assetcatalog; path = Assets.xcassets; sourceTree = "<group>"; };
		CD88AC352A5348260065AFD5 /* Preview Assets.xcassets */ = {isa = PBXFileReference; lastKnownFileType = folder.assetcatalog; path = "Preview Assets.xcassets"; sourceTree = "<group>"; };
		CD88AC3C2A5353DD0065AFD5 /* GoogleService-Info.plist */ = {isa = PBXFileReference; lastKnownFileType = text.plist.xml; name = "GoogleService-Info.plist"; path = "jerZboiz/GoogleService-Info.plist"; sourceTree = SOURCE_ROOT; };
		CD9632A42A57A98A00317E0C /* UserUtility.swift */ = {isa = PBXFileReference; lastKnownFileType = sourcecode.swift; path = UserUtility.swift; sourceTree = "<group>"; };
		CD9632A62A57ABBA00317E0C /* Info.plist */ = {isa = PBXFileReference; lastKnownFileType = text.plist.xml; path = Info.plist; sourceTree = "<group>"; };
		CD9632B22A57B95E00317E0C /* bulls.ttf */ = {isa = PBXFileReference; lastKnownFileType = file; path = bulls.ttf; sourceTree = "<group>"; };
		CD9632B42A57BA4700317E0C /* NBA Bulls.ttf */ = {isa = PBXFileReference; lastKnownFileType = file; path = "NBA Bulls.ttf"; sourceTree = "<group>"; };
/* End PBXFileReference section */

/* Begin PBXFrameworksBuildPhase section */
		CD88AC282A5348230065AFD5 /* Frameworks */ = {
			isa = PBXFrameworksBuildPhase;
			buildActionMask = 2147483647;
			files = (
				2878CAE12A58D12D009F0020 /* FirebasePerformance in Frameworks */,
				2878CAD52A58D12D009F0020 /* FirebaseDatabaseSwift in Frameworks */,
				2878CACF2A58D12D009F0020 /* FirebaseAnalyticsSwift in Frameworks */,
				2878CADF2A58D12D009F0020 /* FirebaseMessaging in Frameworks */,
				2878CADD2A58D12D009F0020 /* FirebaseInAppMessaging-Beta in Frameworks */,
				2878CAE32A58D12D009F0020 /* FirebaseStorage in Frameworks */,
				2878CAD12A58D12D009F0020 /* FirebaseAuth in Frameworks */,
				2878CADB2A58D12D009F0020 /* FirebaseFunctions in Frameworks */,
				2878CAD92A58D12D009F0020 /* FirebaseFirestoreSwift in Frameworks */,
				2878CAD32A58D12D009F0020 /* FirebaseDatabase in Frameworks */,
				2878CAED2A590D67009F0020 /* SDWebImage in Frameworks */,
				2878CACD2A58D12D009F0020 /* FirebaseAnalytics in Frameworks */,
				2878CAEF2A590D67009F0020 /* SDWebImageMapKit in Frameworks */,
				2878CAD72A58D12D009F0020 /* FirebaseFirestore in Frameworks */,
			);
			runOnlyForDeploymentPostprocessing = 0;
		};
/* End PBXFrameworksBuildPhase section */

/* Begin PBXGroup section */
		2827BA8D2A57753000342499 /* Utilities */ = {
			isa = PBXGroup;
			children = (
				2827BA8E2A57753F00342499 /* Fonts.swift */,
				CD9632A42A57A98A00317E0C /* UserUtility.swift */,
				2878CAE42A58F907009F0020 /* Jerseyutils.swift */,
			);
			path = Utilities;
			sourceTree = "<group>";
		};
		2827BA9C2A577AC800342499 /* Resources */ = {
			isa = PBXGroup;
			children = (
				CD9632B42A57BA4700317E0C /* NBA Bulls.ttf */,
				CD9632B22A57B95E00317E0C /* bulls.ttf */,
			);
			path = Resources;
			sourceTree = "<group>";
		};
		2827BAB02A578F0400342499 /* Views */ = {
			isa = PBXGroup;
			children = (
				2827BAB12A578F1200342499 /* MainView.swift */,
				CD88AC302A5348230065AFD5 /* AddJerseyView.swift */,
				2827BAB52A578F7C00342499 /* MyProfileView.swift */,
				2827BAB72A57938C00342499 /* ContentView.swift */,
				2878CAE92A590A50009F0020 /* JerseyCellView.swift */,
				2878CAF02A59105F009F0020 /* UserJerseyListView.swift */,
				281695672A5E0ACD00098A11 /* EditJerseyView.swift */,
			);
			path = Views;
			sourceTree = "<group>";
		};
		2878CAE62A590836009F0020 /* Structs */ = {
			isa = PBXGroup;
			children = (
				2878CAE72A590845009F0020 /* Jersey.swift */,
				28AD0A472A5F94370032F6F8 /* JerseyRank.swift */,
			);
			path = Structs;
			sourceTree = "<group>";
		};
		CD88AC222A5348230065AFD5 = {
			isa = PBXGroup;
			children = (
				CD88AC2D2A5348230065AFD5 /* jerZboiz */,
				CD88AC2C2A5348230065AFD5 /* Products */,
			);
			sourceTree = "<group>";
		};
		CD88AC2C2A5348230065AFD5 /* Products */ = {
			isa = PBXGroup;
			children = (
				CD88AC2B2A5348230065AFD5 /* jerZboiz.app */,
			);
			name = Products;
			sourceTree = "<group>";
		};
		CD88AC2D2A5348230065AFD5 /* jerZboiz */ = {
			isa = PBXGroup;
			children = (
				284DD85B2A59D33E0058948B /* jerZboiz.entitlements */,
				2878CAE62A590836009F0020 /* Structs */,
				2827BAB02A578F0400342499 /* Views */,
				2827BA9C2A577AC800342499 /* Resources */,
				2827BA8D2A57753000342499 /* Utilities */,
				CD88AC2E2A5348230065AFD5 /* jerZboizApp.swift */,
				CD88AC3C2A5353DD0065AFD5 /* GoogleService-Info.plist */,
				CD88AC322A5348260065AFD5 /* Assets.xcassets */,
				CD88AC342A5348260065AFD5 /* Preview Content */,
				2827BAB32A578F2800342499 /* DataManager.swift */,
				CD9632A62A57ABBA00317E0C /* Info.plist */,
			);
			path = jerZboiz;
			sourceTree = "<group>";
		};
		CD88AC342A5348260065AFD5 /* Preview Content */ = {
			isa = PBXGroup;
			children = (
				CD88AC352A5348260065AFD5 /* Preview Assets.xcassets */,
			);
			path = "Preview Content";
			sourceTree = "<group>";
		};
/* End PBXGroup section */

/* Begin PBXNativeTarget section */
		CD88AC2A2A5348230065AFD5 /* jerZboiz */ = {
			isa = PBXNativeTarget;
			buildConfigurationList = CD88AC392A5348260065AFD5 /* Build configuration list for PBXNativeTarget "jerZboiz" */;
			buildPhases = (
				CD88AC272A5348230065AFD5 /* Sources */,
				CD88AC282A5348230065AFD5 /* Frameworks */,
				CD88AC292A5348230065AFD5 /* Resources */,
			);
			buildRules = (
			);
			dependencies = (
			);
			name = jerZboiz;
			packageProductDependencies = (
				2878CACC2A58D12D009F0020 /* FirebaseAnalytics */,
				2878CACE2A58D12D009F0020 /* FirebaseAnalyticsSwift */,
				2878CAD02A58D12D009F0020 /* FirebaseAuth */,
				2878CAD22A58D12D009F0020 /* FirebaseDatabase */,
				2878CAD42A58D12D009F0020 /* FirebaseDatabaseSwift */,
				2878CAD62A58D12D009F0020 /* FirebaseFirestore */,
				2878CAD82A58D12D009F0020 /* FirebaseFirestoreSwift */,
				2878CADA2A58D12D009F0020 /* FirebaseFunctions */,
				2878CADC2A58D12D009F0020 /* FirebaseInAppMessaging-Beta */,
				2878CADE2A58D12D009F0020 /* FirebaseMessaging */,
				2878CAE02A58D12D009F0020 /* FirebasePerformance */,
				2878CAE22A58D12D009F0020 /* FirebaseStorage */,
				2878CAEC2A590D67009F0020 /* SDWebImage */,
				2878CAEE2A590D67009F0020 /* SDWebImageMapKit */,
			);
			productName = jerZboiz;
			productReference = CD88AC2B2A5348230065AFD5 /* jerZboiz.app */;
			productType = "com.apple.product-type.application";
		};
/* End PBXNativeTarget section */

/* Begin PBXProject section */
		CD88AC232A5348230065AFD5 /* Project object */ = {
			isa = PBXProject;
			attributes = {
				BuildIndependentTargetsInParallel = 1;
				KnownAssetTags = (
					New,
				);
				LastSwiftUpdateCheck = 1420;
				LastUpgradeCheck = 1420;
				TargetAttributes = {
					CD88AC2A2A5348230065AFD5 = {
						CreatedOnToolsVersion = 14.2;
					};
				};
			};
			buildConfigurationList = CD88AC262A5348230065AFD5 /* Build configuration list for PBXProject "jerZboiz" */;
			compatibilityVersion = "Xcode 14.0";
			developmentRegion = en;
			hasScannedForEncodings = 0;
			knownRegions = (
				en,
				Base,
			);
			mainGroup = CD88AC222A5348230065AFD5;
			packageReferences = (
				2878CACB2A58D12D009F0020 /* XCRemoteSwiftPackageReference "firebase-ios-sdk" */,
				2878CAEB2A590D66009F0020 /* XCRemoteSwiftPackageReference "SDWebImage" */,
			);
			productRefGroup = CD88AC2C2A5348230065AFD5 /* Products */;
			projectDirPath = "";
			projectRoot = "";
			targets = (
				CD88AC2A2A5348230065AFD5 /* jerZboiz */,
			);
		};
/* End PBXProject section */

/* Begin PBXResourcesBuildPhase section */
		CD88AC292A5348230065AFD5 /* Resources */ = {
			isa = PBXResourcesBuildPhase;
			buildActionMask = 2147483647;
			files = (
				CD88AC362A5348260065AFD5 /* Preview Assets.xcassets in Resources */,
				CD9632B52A57BA4700317E0C /* NBA Bulls.ttf in Resources */,
				CD88AC332A5348260065AFD5 /* Assets.xcassets in Resources */,
				CD88AC3D2A5353DD0065AFD5 /* GoogleService-Info.plist in Resources */,
				CD9632B32A57B95E00317E0C /* bulls.ttf in Resources */,
			);
			runOnlyForDeploymentPostprocessing = 0;
		};
/* End PBXResourcesBuildPhase section */

/* Begin PBXSourcesBuildPhase section */
		CD88AC272A5348230065AFD5 /* Sources */ = {
			isa = PBXSourcesBuildPhase;
			buildActionMask = 2147483647;
			files = (
				CD88AC312A5348230065AFD5 /* AddJerseyView.swift in Sources */,
				2878CAE82A590845009F0020 /* Jersey.swift in Sources */,
				2878CAEA2A590A50009F0020 /* JerseyCellView.swift in Sources */,
				28AD0A482A5F94370032F6F8 /* JerseyRank.swift in Sources */,
				2827BAB42A578F2800342499 /* DataManager.swift in Sources */,
				2827BAB82A57938C00342499 /* ContentView.swift in Sources */,
				2827BAB22A578F1200342499 /* MainView.swift in Sources */,
				2827BA8F2A57753F00342499 /* Fonts.swift in Sources */,
				2878CAF12A59105F009F0020 /* UserJerseyListView.swift in Sources */,
				2827BAB62A578F7C00342499 /* MyProfileView.swift in Sources */,
				CD88AC2F2A5348230065AFD5 /* jerZboizApp.swift in Sources */,
				281695682A5E0ACD00098A11 /* EditJerseyView.swift in Sources */,
				CD9632A52A57A98A00317E0C /* UserUtility.swift in Sources */,
				2878CAE52A58F907009F0020 /* Jerseyutils.swift in Sources */,
			);
			runOnlyForDeploymentPostprocessing = 0;
		};
/* End PBXSourcesBuildPhase section */

/* Begin XCBuildConfiguration section */
		CD88AC372A5348260065AFD5 /* Debug */ = {
			isa = XCBuildConfiguration;
			buildSettings = {
				ALWAYS_SEARCH_USER_PATHS = NO;
				CLANG_ANALYZER_NONNULL = YES;
				CLANG_ANALYZER_NUMBER_OBJECT_CONVERSION = YES_AGGRESSIVE;
				CLANG_CXX_LANGUAGE_STANDARD = "gnu++20";
				CLANG_ENABLE_MODULES = YES;
				CLANG_ENABLE_OBJC_ARC = YES;
				CLANG_ENABLE_OBJC_WEAK = YES;
				CLANG_WARN_BLOCK_CAPTURE_AUTORELEASING = YES;
				CLANG_WARN_BOOL_CONVERSION = YES;
				CLANG_WARN_COMMA = YES;
				CLANG_WARN_CONSTANT_CONVERSION = YES;
				CLANG_WARN_DEPRECATED_OBJC_IMPLEMENTATIONS = YES;
				CLANG_WARN_DIRECT_OBJC_ISA_USAGE = YES_ERROR;
				CLANG_WARN_DOCUMENTATION_COMMENTS = YES;
				CLANG_WARN_EMPTY_BODY = YES;
				CLANG_WARN_ENUM_CONVERSION = YES;
				CLANG_WARN_INFINITE_RECURSION = YES;
				CLANG_WARN_INT_CONVERSION = YES;
				CLANG_WARN_NON_LITERAL_NULL_CONVERSION = YES;
				CLANG_WARN_OBJC_IMPLICIT_RETAIN_SELF = YES;
				CLANG_WARN_OBJC_LITERAL_CONVERSION = YES;
				CLANG_WARN_OBJC_ROOT_CLASS = YES_ERROR;
				CLANG_WARN_QUOTED_INCLUDE_IN_FRAMEWORK_HEADER = YES;
				CLANG_WARN_RANGE_LOOP_ANALYSIS = YES;
				CLANG_WARN_STRICT_PROTOTYPES = YES;
				CLANG_WARN_SUSPICIOUS_MOVE = YES;
				CLANG_WARN_UNGUARDED_AVAILABILITY = YES_AGGRESSIVE;
				CLANG_WARN_UNREACHABLE_CODE = YES;
				CLANG_WARN__DUPLICATE_METHOD_MATCH = YES;
				COPY_PHASE_STRIP = NO;
				DEBUG_INFORMATION_FORMAT = dwarf;
				ENABLE_STRICT_OBJC_MSGSEND = YES;
				ENABLE_TESTABILITY = YES;
				GCC_C_LANGUAGE_STANDARD = gnu11;
				GCC_DYNAMIC_NO_PIC = NO;
				GCC_NO_COMMON_BLOCKS = YES;
				GCC_OPTIMIZATION_LEVEL = 0;
				GCC_PREPROCESSOR_DEFINITIONS = (
					"DEBUG=1",
					"$(inherited)",
				);
				GCC_WARN_64_TO_32_BIT_CONVERSION = YES;
				GCC_WARN_ABOUT_RETURN_TYPE = YES_ERROR;
				GCC_WARN_UNDECLARED_SELECTOR = YES;
				GCC_WARN_UNINITIALIZED_AUTOS = YES_AGGRESSIVE;
				GCC_WARN_UNUSED_FUNCTION = YES;
				GCC_WARN_UNUSED_VARIABLE = YES;
				IPHONEOS_DEPLOYMENT_TARGET = 16.2;
				MTL_ENABLE_DEBUG_INFO = INCLUDE_SOURCE;
				MTL_FAST_MATH = YES;
				ONLY_ACTIVE_ARCH = YES;
				SDKROOT = iphoneos;
				SWIFT_ACTIVE_COMPILATION_CONDITIONS = DEBUG;
				SWIFT_OPTIMIZATION_LEVEL = "-Onone";
			};
			name = Debug;
		};
		CD88AC382A5348260065AFD5 /* Release */ = {
			isa = XCBuildConfiguration;
			buildSettings = {
				ALWAYS_SEARCH_USER_PATHS = NO;
				CLANG_ANALYZER_NONNULL = YES;
				CLANG_ANALYZER_NUMBER_OBJECT_CONVERSION = YES_AGGRESSIVE;
				CLANG_CXX_LANGUAGE_STANDARD = "gnu++20";
				CLANG_ENABLE_MODULES = YES;
				CLANG_ENABLE_OBJC_ARC = YES;
				CLANG_ENABLE_OBJC_WEAK = YES;
				CLANG_WARN_BLOCK_CAPTURE_AUTORELEASING = YES;
				CLANG_WARN_BOOL_CONVERSION = YES;
				CLANG_WARN_COMMA = YES;
				CLANG_WARN_CONSTANT_CONVERSION = YES;
				CLANG_WARN_DEPRECATED_OBJC_IMPLEMENTATIONS = YES;
				CLANG_WARN_DIRECT_OBJC_ISA_USAGE = YES_ERROR;
				CLANG_WARN_DOCUMENTATION_COMMENTS = YES;
				CLANG_WARN_EMPTY_BODY = YES;
				CLANG_WARN_ENUM_CONVERSION = YES;
				CLANG_WARN_INFINITE_RECURSION = YES;
				CLANG_WARN_INT_CONVERSION = YES;
				CLANG_WARN_NON_LITERAL_NULL_CONVERSION = YES;
				CLANG_WARN_OBJC_IMPLICIT_RETAIN_SELF = YES;
				CLANG_WARN_OBJC_LITERAL_CONVERSION = YES;
				CLANG_WARN_OBJC_ROOT_CLASS = YES_ERROR;
				CLANG_WARN_QUOTED_INCLUDE_IN_FRAMEWORK_HEADER = YES;
				CLANG_WARN_RANGE_LOOP_ANALYSIS = YES;
				CLANG_WARN_STRICT_PROTOTYPES = YES;
				CLANG_WARN_SUSPICIOUS_MOVE = YES;
				CLANG_WARN_UNGUARDED_AVAILABILITY = YES_AGGRESSIVE;
				CLANG_WARN_UNREACHABLE_CODE = YES;
				CLANG_WARN__DUPLICATE_METHOD_MATCH = YES;
				COPY_PHASE_STRIP = NO;
				DEBUG_INFORMATION_FORMAT = "dwarf-with-dsym";
				ENABLE_NS_ASSERTIONS = NO;
				ENABLE_STRICT_OBJC_MSGSEND = YES;
				GCC_C_LANGUAGE_STANDARD = gnu11;
				GCC_NO_COMMON_BLOCKS = YES;
				GCC_WARN_64_TO_32_BIT_CONVERSION = YES;
				GCC_WARN_ABOUT_RETURN_TYPE = YES_ERROR;
				GCC_WARN_UNDECLARED_SELECTOR = YES;
				GCC_WARN_UNINITIALIZED_AUTOS = YES_AGGRESSIVE;
				GCC_WARN_UNUSED_FUNCTION = YES;
				GCC_WARN_UNUSED_VARIABLE = YES;
				IPHONEOS_DEPLOYMENT_TARGET = 16.2;
				MTL_ENABLE_DEBUG_INFO = NO;
				MTL_FAST_MATH = YES;
				SDKROOT = iphoneos;
				SWIFT_COMPILATION_MODE = wholemodule;
				SWIFT_OPTIMIZATION_LEVEL = "-O";
				VALIDATE_PRODUCT = YES;
			};
			name = Release;
		};
		CD88AC3A2A5348260065AFD5 /* Debug */ = {
			isa = XCBuildConfiguration;
			buildSettings = {
				ASSETCATALOG_COMPILER_APPICON_NAME = AppIcon;
				ASSETCATALOG_COMPILER_GLOBAL_ACCENT_COLOR_NAME = AccentColor;
				CODE_SIGN_ENTITLEMENTS = jerZboiz/jerZboiz.entitlements;
				CODE_SIGN_STYLE = Automatic;
				CURRENT_PROJECT_VERSION = 1.9;
				DEVELOPMENT_ASSET_PATHS = "\"jerZboiz/Preview Content\"";
				DEVELOPMENT_TEAM = 4AXYPNKHSG;
				ENABLE_PREVIEWS = YES;
				GENERATE_INFOPLIST_FILE = YES;
				INFOPLIST_FILE = jerZboiz/Info.plist;
				INFOPLIST_KEY_UIApplicationSupportsIndirectInputEvents = NO;
				INFOPLIST_KEY_UILaunchScreen_Generation = YES;
				INFOPLIST_KEY_UISupportedInterfaceOrientations_iPad = "UIInterfaceOrientationPortrait UIInterfaceOrientationPortraitUpsideDown UIInterfaceOrientationLandscapeLeft UIInterfaceOrientationLandscapeRight";
				INFOPLIST_KEY_UISupportedInterfaceOrientations_iPhone = "UIInterfaceOrientationPortrait UIInterfaceOrientationLandscapeLeft UIInterfaceOrientationLandscapeRight";
				LD_RUNPATH_SEARCH_PATHS = (
					"$(inherited)",
					"@executable_path/Frameworks",
				);
				MARKETING_VERSION = 1.9;
				PRODUCT_BUNDLE_IDENTIFIER = com.trixtoo.jerZboiz;
				PRODUCT_NAME = "$(TARGET_NAME)";
				SWIFT_EMIT_LOC_STRINGS = YES;
				SWIFT_VERSION = 5.0;
				TARGETED_DEVICE_FAMILY = "1,2";
			};
			name = Debug;
		};
		CD88AC3B2A5348260065AFD5 /* Release */ = {
			isa = XCBuildConfiguration;
			buildSettings = {
				ASSETCATALOG_COMPILER_APPICON_NAME = AppIcon;
				ASSETCATALOG_COMPILER_GLOBAL_ACCENT_COLOR_NAME = AccentColor;
				CODE_SIGN_ENTITLEMENTS = jerZboiz/jerZboiz.entitlements;
				CODE_SIGN_STYLE = Automatic;
				CURRENT_PROJECT_VERSION = 1.9;
				DEVELOPMENT_ASSET_PATHS = "\"jerZboiz/Preview Content\"";
				DEVELOPMENT_TEAM = 4AXYPNKHSG;
				ENABLE_PREVIEWS = YES;
				GENERATE_INFOPLIST_FILE = YES;
				INFOPLIST_FILE = jerZboiz/Info.plist;
				INFOPLIST_KEY_UIApplicationSupportsIndirectInputEvents = NO;
				INFOPLIST_KEY_UILaunchScreen_Generation = YES;
				INFOPLIST_KEY_UISupportedInterfaceOrientations_iPad = "UIInterfaceOrientationPortrait UIInterfaceOrientationPortraitUpsideDown UIInterfaceOrientationLandscapeLeft UIInterfaceOrientationLandscapeRight";
				INFOPLIST_KEY_UISupportedInterfaceOrientations_iPhone = "UIInterfaceOrientationPortrait UIInterfaceOrientationLandscapeLeft UIInterfaceOrientationLandscapeRight";
				LD_RUNPATH_SEARCH_PATHS = (
					"$(inherited)",
					"@executable_path/Frameworks",
				);
				MARKETING_VERSION = 1.9;
				PRODUCT_BUNDLE_IDENTIFIER = com.trixtoo.jerZboiz;
				PRODUCT_NAME = "$(TARGET_NAME)";
				SWIFT_EMIT_LOC_STRINGS = YES;
				SWIFT_VERSION = 5.0;
				TARGETED_DEVICE_FAMILY = "1,2";
			};
			name = Release;
		};
/* End XCBuildConfiguration section */

/* Begin XCConfigurationList section */
		CD88AC262A5348230065AFD5 /* Build configuration list for PBXProject "jerZboiz" */ = {
			isa = XCConfigurationList;
			buildConfigurations = (
				CD88AC372A5348260065AFD5 /* Debug */,
				CD88AC382A5348260065AFD5 /* Release */,
			);
			defaultConfigurationIsVisible = 0;
			defaultConfigurationName = Release;
		};
		CD88AC392A5348260065AFD5 /* Build configuration list for PBXNativeTarget "jerZboiz" */ = {
			isa = XCConfigurationList;
			buildConfigurations = (
				CD88AC3A2A5348260065AFD5 /* Debug */,
				CD88AC3B2A5348260065AFD5 /* Release */,
			);
			defaultConfigurationIsVisible = 0;
			defaultConfigurationName = Release;
		};
/* End XCConfigurationList section */

/* Begin XCRemoteSwiftPackageReference section */
		2878CACB2A58D12D009F0020 /* XCRemoteSwiftPackageReference "firebase-ios-sdk" */ = {
			isa = XCRemoteSwiftPackageReference;
			repositoryURL = "https://github.com/firebase/firebase-ios-sdk.git";
			requirement = {
				kind = upToNextMajorVersion;
				minimumVersion = 10.0.0;
			};
		};
		2878CAEB2A590D66009F0020 /* XCRemoteSwiftPackageReference "SDWebImage" */ = {
			isa = XCRemoteSwiftPackageReference;
			repositoryURL = "https://github.com/SDWebImage/SDWebImage.git";
			requirement = {
				kind = upToNextMajorVersion;
				minimumVersion = 5.0.0;
			};
		};
/* End XCRemoteSwiftPackageReference section */

/* Begin XCSwiftPackageProductDependency section */
		2878CACC2A58D12D009F0020 /* FirebaseAnalytics */ = {
			isa = XCSwiftPackageProductDependency;
			package = 2878CACB2A58D12D009F0020 /* XCRemoteSwiftPackageReference "firebase-ios-sdk" */;
			productName = FirebaseAnalytics;
		};
		2878CACE2A58D12D009F0020 /* FirebaseAnalyticsSwift */ = {
			isa = XCSwiftPackageProductDependency;
			package = 2878CACB2A58D12D009F0020 /* XCRemoteSwiftPackageReference "firebase-ios-sdk" */;
			productName = FirebaseAnalyticsSwift;
		};
		2878CAD02A58D12D009F0020 /* FirebaseAuth */ = {
			isa = XCSwiftPackageProductDependency;
			package = 2878CACB2A58D12D009F0020 /* XCRemoteSwiftPackageReference "firebase-ios-sdk" */;
			productName = FirebaseAuth;
		};
		2878CAD22A58D12D009F0020 /* FirebaseDatabase */ = {
			isa = XCSwiftPackageProductDependency;
			package = 2878CACB2A58D12D009F0020 /* XCRemoteSwiftPackageReference "firebase-ios-sdk" */;
			productName = FirebaseDatabase;
		};
		2878CAD42A58D12D009F0020 /* FirebaseDatabaseSwift */ = {
			isa = XCSwiftPackageProductDependency;
			package = 2878CACB2A58D12D009F0020 /* XCRemoteSwiftPackageReference "firebase-ios-sdk" */;
			productName = FirebaseDatabaseSwift;
		};
		2878CAD62A58D12D009F0020 /* FirebaseFirestore */ = {
			isa = XCSwiftPackageProductDependency;
			package = 2878CACB2A58D12D009F0020 /* XCRemoteSwiftPackageReference "firebase-ios-sdk" */;
			productName = FirebaseFirestore;
		};
		2878CAD82A58D12D009F0020 /* FirebaseFirestoreSwift */ = {
			isa = XCSwiftPackageProductDependency;
			package = 2878CACB2A58D12D009F0020 /* XCRemoteSwiftPackageReference "firebase-ios-sdk" */;
			productName = FirebaseFirestoreSwift;
		};
		2878CADA2A58D12D009F0020 /* FirebaseFunctions */ = {
			isa = XCSwiftPackageProductDependency;
			package = 2878CACB2A58D12D009F0020 /* XCRemoteSwiftPackageReference "firebase-ios-sdk" */;
			productName = FirebaseFunctions;
		};
		2878CADC2A58D12D009F0020 /* FirebaseInAppMessaging-Beta */ = {
			isa = XCSwiftPackageProductDependency;
			package = 2878CACB2A58D12D009F0020 /* XCRemoteSwiftPackageReference "firebase-ios-sdk" */;
			productName = "FirebaseInAppMessaging-Beta";
		};
		2878CADE2A58D12D009F0020 /* FirebaseMessaging */ = {
			isa = XCSwiftPackageProductDependency;
			package = 2878CACB2A58D12D009F0020 /* XCRemoteSwiftPackageReference "firebase-ios-sdk" */;
			productName = FirebaseMessaging;
		};
		2878CAE02A58D12D009F0020 /* FirebasePerformance */ = {
			isa = XCSwiftPackageProductDependency;
			package = 2878CACB2A58D12D009F0020 /* XCRemoteSwiftPackageReference "firebase-ios-sdk" */;
			productName = FirebasePerformance;
		};
		2878CAE22A58D12D009F0020 /* FirebaseStorage */ = {
			isa = XCSwiftPackageProductDependency;
			package = 2878CACB2A58D12D009F0020 /* XCRemoteSwiftPackageReference "firebase-ios-sdk" */;
			productName = FirebaseStorage;
		};
		2878CAEC2A590D67009F0020 /* SDWebImage */ = {
			isa = XCSwiftPackageProductDependency;
			package = 2878CAEB2A590D66009F0020 /* XCRemoteSwiftPackageReference "SDWebImage" */;
			productName = SDWebImage;
		};
		2878CAEE2A590D67009F0020 /* SDWebImageMapKit */ = {
			isa = XCSwiftPackageProductDependency;
			package = 2878CAEB2A590D66009F0020 /* XCRemoteSwiftPackageReference "SDWebImage" */;
			productName = SDWebImageMapKit;
		};
/* End XCSwiftPackageProductDependency section */
	};
	rootObject = CD88AC232A5348230065AFD5 /* Project object */;
}
